
Microsoft Visual Studio Solution File, Format Version 12.00
# Visual Studio Version 16
VisualStudioVersion = 16.0.30413.136
MinimumVisualStudioVersion = 10.0.40219.1
Project("{8BC9CEB8-8B4A-11D0-8D11-00A0C91BC942}") = "Ordena", "Ordena.vcxproj", "{7FA491AB-A862-45A4-BE81-856C68CF7B12}"
EndProject
Global
	GlobalSection(SolutionConfigurationPlatforms) = preSolution
		Debug|x64 = Debug|x64
		Debug|x86 = Debug|x86
		Release|x64 = Release|x64
		Release|x86 = Release|x86
	EndGlobalSection
	GlobalSection(ProjectConfigurationPlatforms) = postSolution
		{7FA491AB-A862-45A4-BE81-856C68CF7B12}.Debug|x64.ActiveCfg = Debug|x64
		{7FA491AB-A862-45A4-BE81-856C68CF7B12}.Debug|x64.Build.0 = Debug|x64
		{7FA491AB-A862-45A4-BE81-856C68CF7B12}.Debug|x86.ActiveCfg = Debug|Win32
		{7FA491AB-A862-45A4-BE81-856C68CF7B12}.Debug|x86.Build.0 = Debug|Win32
		{7FA491AB-A862-45A4-BE81-856C68CF7B12}.Release|x64.ActiveCfg = Release|x64
		{7FA491AB-A862-45A4-BE81-856C68CF7B12}.Release|x64.Build.0 = Release|x64
		{7FA491AB-A862-45A4-BE81-856C68CF7B12}.Release|x86.ActiveCfg = Release|Win32
		{7FA491AB-A862-45A4-BE81-856C68CF7B12}.Release|x86.Build.0 = Release|Win32
	EndGlobalSection
	GlobalSection(SolutionProperties) = preSolution
		HideSolutionNode = FALSE
	EndGlobalSection
	GlobalSection(ExtensibilityGlobals) = postSolution
		SolutionGuid = {371B1D47-E4E9-4D2F-8C1C-6537C11B0C55}
	EndGlobalSection
EndGlobal
